
Microsoft Visual Studio Solution File, Format Version 12.00
# Visual Studio Version 17
VisualStudioVersion = 17.14.36310.24 d17.14
MinimumVisualStudioVersion = 10.0.40219.1
Project("{FAE04EC0-301F-11D3-BF4B-00C04F79EFBC}") = "Triangle_Type_Identifier", "Triangle_Type_Identifier\Triangle_Type_Identifier.csproj", "{EA6E4001-DC32-4351-A550-027AE6CF340E}"
EndProject
Global
	GlobalSection(SolutionConfigurationPlatforms) = preSolution
		Debug|Any CPU = Debug|Any CPU
		Release|Any CPU = Release|Any CPU
	EndGlobalSection
	GlobalSection(ProjectConfigurationPlatforms) = postSolution
		{EA6E4001-DC32-4351-A550-027AE6CF340E}.Debug|Any CPU.ActiveCfg = Debug|Any CPU
		{EA6E4001-DC32-4351-A550-027AE6CF340E}.Debug|Any CPU.Build.0 = Debug|Any CPU
		{EA6E4001-DC32-4351-A550-027AE6CF340E}.Release|Any CPU.ActiveCfg = Release|Any CPU
		{EA6E4001-DC32-4351-A550-027AE6CF340E}.Release|Any CPU.Build.0 = Release|Any CPU
	EndGlobalSection
	GlobalSection(SolutionProperties) = preSolution
		HideSolutionNode = FALSE
	EndGlobalSection
	GlobalSection(ExtensibilityGlobals) = postSolution
		SolutionGuid = {04950AC1-BCB9-4932-89A6-98B82B49A85A}
	EndGlobalSection
EndGlobal
